github.com/BurntSushi/toml v0.3.1 h1:WXkYYl6Yr3qBf1K79EBnL4mak0OimBfB0XUf9Vl28OQ=
github.com/BurntSushi/toml v0.3.1/go.mod h1:xHWCNGjB5oqiDr8zfno3MHue2Ht5sIBksp03qcyfWMU=
github.com/uppercaveman/log v0.0.0-20180520015912-67c1986138f4 h1:1I9ElfUP9ouZdU5rsRHtoyApw4BjjRF85HwvMbE7SI4=
github.com/uppercaveman/log v0.0.0-20180520015912-67c1986138f4/go.mod h1:F2jsuh9SiZIOLixQBBXIocGiqMi3xBaZoFiyi3GnTwQ=
